// !$*UTF8*$!
{
	archiveVersion = 1;
	classes = {
	};
	objectVersion = 55;
	objects = {

/* Begin PBXBuildFile section */
		BEA6963C2837212400CAB413 /* AppDelegate.swift in Sources */ = {isa = PBXBuildFile; fileRef = BEA6963B2837212400CAB413 /* AppDelegate.swift */; };
		BEA6963E2837212400CAB413 /* SceneDelegate.swift in Sources */ = {isa = PBXBuildFile; fileRef = BEA6963D2837212400CAB413 /* SceneDelegate.swift */; };
		BEA696402837212400CAB413 /* ViewController.swift in Sources */ = {isa = PBXBuildFile; fileRef = BEA6963F2837212400CAB413 /* ViewController.swift */; };
		BEA696432837212400CAB413 /* Main.storyboard in Resources */ = {isa = PBXBuildFile; fileRef = BEA696412837212400CAB413 /* Main.storyboard */; };
		BEA696462837212400CAB413 /* Audio.xcdatamodeld in Sources */ = {isa = PBXBuildFile; fileRef = BEA696442837212400CAB413 /* Audio.xcdatamodeld */; };
		BEA696482837212600CAB413 /* Assets.xcassets in Resources */ = {isa = PBXBuildFile; fileRef = BEA696472837212600CAB413 /* Assets.xcassets */; };
		BEA6964B2837212600CAB413 /* LaunchScreen.storyboard in Resources */ = {isa = PBXBuildFile; fileRef = BEA696492837212600CAB413 /* LaunchScreen.storyboard */; };
		BEA696562837212700CAB413 /* AudioTests.swift in Sources */ = {isa = PBXBuildFile; fileRef = BEA696552837212700CAB413 /* AudioTests.swift */; };
		BEA696602837212700CAB413 /* AudioUITests.swift in Sources */ = {isa = PBXBuildFile; fileRef = BEA6965F2837212700CAB413 /* AudioUITests.swift */; };
		BEA696622837212700CAB413 /* AudioUITestsLaunchTests.swift in Sources */ = {isa = PBXBuildFile; fileRef = BEA696612837212700CAB413 /* AudioUITestsLaunchTests.swift */; };
		BEA6966F2837330000CAB413 /* 너의 모든 순간.mp3 in Resources */ = {isa = PBXBuildFile; fileRef = BEA6966E2837330000CAB413 /* 너의 모든 순간.mp3 */; };
/* End PBXBuildFile section */

/* Begin PBXContainerItemProxy section */
		BEA696522837212700CAB413 /* PBXContainerItemProxy */ = {
			isa = PBXContainerItemProxy;
			containerPortal = BEA696302837212400CAB413 /* Project object */;
			proxyType = 1;
			remoteGlobalIDString = BEA696372837212400CAB413;
			remoteInfo = Audio;
		};
		BEA6965C2837212700CAB413 /* PBXContainerItemProxy */ = {
			isa = PBXContainerItemProxy;
			containerPortal = BEA696302837212400CAB413 /* Project object */;
			proxyType = 1;
			remoteGlobalIDString = BEA696372837212400CAB413;
			remoteInfo = Audio;
		};
/* End PBXContainerItemProxy section */

/* Begin PBXFileReference section */
		BEA696382837212400CAB413 /* Audio.app */ = {isa = PBXFileReference; explicitFileType = wrapper.application; includeInIndex = 0; path = Audio.app; sourceTree = BUILT_PRODUCTS_DIR; };
		BEA6963B2837212400CAB413 /* AppDelegate.swift */ = {isa = PBXFileReference; lastKnownFileType = sourcecode.swift; path = AppDelegate.swift; sourceTree = "<group>"; };
		BEA6963D2837212400CAB413 /* SceneDelegate.swift */ = {isa = PBXFileReference; lastKnownFileType = sourcecode.swift; path = SceneDelegate.swift; sourceTree = "<group>"; };
		BEA6963F2837212400CAB413 /* ViewController.swift */ = {isa = PBXFileReference; lastKnownFileType = sourcecode.swift; path = ViewController.swift; sourceTree = "<group>"; };
		BEA696422837212400CAB413 /* Base */ = {isa = PBXFileReference; lastKnownFileType = file.storyboard; name = Base; path = Base.lproj/Main.storyboard; sourceTree = "<group>"; };
		BEA696452837212400CAB413 /* Audio.xcdatamodel */ = {isa = PBXFileReference; lastKnownFileType = wrapper.xcdatamodel; path = Audio.xcdatamodel; sourceTree = "<group>"; };
		BEA696472837212600CAB413 /* Assets.xcassets */ = {isa = PBXFileReference; lastKnownFileType = folder.assetcatalog; path = Assets.xcassets; sourceTree = "<group>"; };
		BEA6964A2837212600CAB413 /* Base */ = {isa = PBXFileReference; lastKnownFileType = file.storyboard; name = Base; path = Base.lproj/LaunchScreen.storyboard; sourceTree = "<group>"; };
		BEA6964C2837212600CAB413 /* Info.plist */ = {isa = PBXFileReference; lastKnownFileType = text.plist.xml; path = Info.plist; sourceTree = "<group>"; };
		BEA696512837212700CAB413 /* AudioTests.xctest */ = {isa = PBXFileReference; explicitFileType = wrapper.cfbundle; includeInIndex = 0; path = AudioTests.xctest; sourceTree = BUILT_PRODUCTS_DIR; };
		BEA696552837212700CAB413 /* AudioTests.swift */ = {isa = PBXFileReference; lastKnownFileType = sourcecode.swift; path = AudioTests.swift; sourceTree = "<group>"; };
		BEA6965B2837212700CAB413 /* AudioUITests.xctest */ = {isa = PBXFileReference; explicitFileType = wrapper.cfbundle; includeInIndex = 0; path = AudioUITests.xctest; sourceTree = BUILT_PRODUCTS_DIR; };
		BEA6965F2837212700CAB413 /* AudioUITests.swift */ = {isa = PBXFileReference; lastKnownFileType = sourcecode.swift; path = AudioUITests.swift; sourceTree = "<group>"; };
		BEA696612837212700CAB413 /* AudioUITestsLaunchTests.swift */ = {isa = PBXFileReference; lastKnownFileType = sourcecode.swift; path = AudioUITestsLaunchTests.swift; sourceTree = "<group>"; };
		BEA6966E2837330000CAB413 /* 너의 모든 순간.mp3 */ = {isa = PBXFileReference; lastKnownFileType = audio.mp3; path = "너의 모든 순간.mp3"; sourceTree = "<group>"; };
/* End PBXFileReference section */

/* Begin PBXFrameworksBuildPhase section */
		BEA696352837212400CAB413 /* Frameworks */ = {
			isa = PBXFrameworksBuildPhase;
			buildActionMask = 2147483647;
			files = (
			);
			runOnlyForDeploymentPostprocessing = 0;
		};
		BEA6964E2837212700CAB413 /* Frameworks */ = {
			isa = PBXFrameworksBuildPhase;
			buildActionMask = 2147483647;
			files = (
			);
			runOnlyForDeploymentPostprocessing = 0;
		};
		BEA696582837212700CAB413 /* Frameworks */ = {
			isa = PBXFrameworksBuildPhase;
			buildActionMask = 2147483647;
			files = (
			);
			runOnlyForDeploymentPostprocessing = 0;
		};
/* End PBXFrameworksBuildPhase section */

/* Begin PBXGroup section */
		BEA6962F2837212400CAB413 = {
			isa = PBXGroup;
			children = (
				BEA6963A2837212400CAB413 /* Audio */,
				BEA696542837212700CAB413 /* AudioTests */,
				BEA6965E2837212700CAB413 /* AudioUITests */,
				BEA696392837212400CAB413 /* Products */,
			);
			sourceTree = "<group>";
		};
		BEA696392837212400CAB413 /* Products */ = {
			isa = PBXGroup;
			children = (
				BEA696382837212400CAB413 /* Audio.app */,
				BEA696512837212700CAB413 /* AudioTests.xctest */,
				BEA6965B2837212700CAB413 /* AudioUITests.xctest */,
			);
			name = Products;
			sourceTree = "<group>";
		};
		BEA6963A2837212400CAB413 /* Audio */ = {
			isa = PBXGroup;
			children = (
				BEA6966E2837330000CAB413 /* 너의 모든 순간.mp3 */,
				BEA6963B2837212400CAB413 /* AppDelegate.swift */,
				BEA6963D2837212400CAB413 /* SceneDelegate.swift */,
				BEA6963F2837212400CAB413 /* ViewController.swift */,
				BEA696412837212400CAB413 /* Main.storyboard */,
				BEA696472837212600CAB413 /* Assets.xcassets */,
				BEA696492837212600CAB413 /* LaunchScreen.storyboard */,
				BEA6964C2837212600CAB413 /* Info.plist */,
				BEA696442837212400CAB413 /* Audio.xcdatamodeld */,
			);
			path = Audio;
			sourceTree = "<group>";
		};
		BEA696542837212700CAB413 /* AudioTests */ = {
			isa = PBXGroup;
			children = (
				BEA696552837212700CAB413 /* AudioTests.swift */,
			);
			path = AudioTests;
			sourceTree = "<group>";
		};
		BEA6965E2837212700CAB413 /* AudioUITests */ = {
			isa = PBXGroup;
			children = (
				BEA6965F2837212700CAB413 /* AudioUITests.swift */,
				BEA696612837212700CAB413 /* AudioUITestsLaunchTests.swift */,
			);
			path = AudioUITests;
			sourceTree = "<group>";
		};
/* End PBXGroup section */

/* Begin PBXNativeTarget section */
		BEA696372837212400CAB413 /* Audio */ = {
			isa = PBXNativeTarget;
			buildConfigurationList = BEA696652837212700CAB413 /* Build configuration list for PBXNativeTarget "Audio" */;
			buildPhases = (
				BEA696342837212400CAB413 /* Sources */,
				BEA696352837212400CAB413 /* Frameworks */,
				BEA696362837212400CAB413 /* Resources */,
			);
			buildRules = (
			);
			dependencies = (
			);
			name = Audio;
			productName = Audio;
			productReference = BEA696382837212400CAB413 /* Audio.app */;
			productType = "com.apple.product-type.application";
		};
		BEA696502837212700CAB413 /* AudioTests */ = {
			isa = PBXNativeTarget;
			buildConfigurationList = BEA696682837212700CAB413 /* Build configuration list for PBXNativeTarget "AudioTests" */;
			buildPhases = (
				BEA6964D2837212700CAB413 /* Sources */,
				BEA6964E2837212700CAB413 /* Frameworks */,
				BEA6964F2837212700CAB413 /* Resources */,
			);
			buildRules = (
			);
			dependencies = (
				BEA696532837212700CAB413 /* PBXTargetDependency */,
			);
			name = AudioTests;
			productName = AudioTests;
			productReference = BEA696512837212700CAB413 /* AudioTests.xctest */;
			productType = "com.apple.product-type.bundle.unit-test";
		};
		BEA6965A2837212700CAB413 /* AudioUITests */ = {
			isa = PBXNativeTarget;
			buildConfigurationList = BEA6966B2837212700CAB413 /* Build configuration list for PBXNativeTarget "AudioUITests" */;
			buildPhases = (
				BEA696572837212700CAB413 /* Sources */,
				BEA696582837212700CAB413 /* Frameworks */,
				BEA696592837212700CAB413 /* Resources */,
			);
			buildRules = (
			);
			dependencies = (
				BEA6965D2837212700CAB413 /* PBXTargetDependency */,
			);
			name = AudioUITests;
			productName = AudioUITests;
			productReference = BEA6965B2837212700CAB413 /* AudioUITests.xctest */;
			productType = "com.apple.product-type.bundle.ui-testing";
		};
/* End PBXNativeTarget section */

/* Begin PBXProject section */
		BEA696302837212400CAB413 /* Project object */ = {
			isa = PBXProject;
			attributes = {
				BuildIndependentTargetsInParallel = 1;
				LastSwiftUpdateCheck = 1320;
				LastUpgradeCheck = 1320;
				TargetAttributes = {
					BEA696372837212400CAB413 = {
						CreatedOnToolsVersion = 13.2.1;
					};
					BEA696502837212700CAB413 = {
						CreatedOnToolsVersion = 13.2.1;
						TestTargetID = BEA696372837212400CAB413;
					};
					BEA6965A2837212700CAB413 = {
						CreatedOnToolsVersion = 13.2.1;
						TestTargetID = BEA696372837212400CAB413;
					};
				};
			};
			buildConfigurationList = BEA696332837212400CAB413 /* Build configuration list for PBXProject "Audio" */;
			compatibilityVersion = "Xcode 13.0";
			developmentRegion = en;
			hasScannedForEncodings = 0;
			knownRegions = (
				en,
				Base,
			);
			mainGroup = BEA6962F2837212400CAB413;
			productRefGroup = BEA696392837212400CAB413 /* Products */;
			projectDirPath = "";
			projectRoot = "";
			targets = (
				BEA696372837212400CAB413 /* Audio */,
				BEA696502837212700CAB413 /* AudioTests */,
				BEA6965A2837212700CAB413 /* AudioUITests */,
			);
		};
/* End PBXProject section */

/* Begin PBXResourcesBuildPhase section */
		BEA696362837212400CAB413 /* Resources */ = {
			isa = PBXResourcesBuildPhase;
			buildActionMask = 2147483647;
			files = (
				BEA6964B2837212600CAB413 /* LaunchScreen.storyboard in Resources */,
				BEA696482837212600CAB413 /* Assets.xcassets in Resources */,
				BEA696432837212400CAB413 /* Main.storyboard in Resources */,
				BEA6966F2837330000CAB413 /* 너의 모든 순간.mp3 in Resources */,
			);
			runOnlyForDeploymentPostprocessing = 0;
		};
		BEA6964F2837212700CAB413 /* Resources */ = {
			isa = PBXResourcesBuildPhase;
			buildActionMask = 2147483647;
			files = (
			);
			runOnlyForDeploymentPostprocessing = 0;
		};
		BEA696592837212700CAB413 /* Resources */ = {
			isa = PBXResourcesBuildPhase;
			buildActionMask = 2147483647;
			files = (
			);
			runOnlyForDeploymentPostprocessing = 0;
		};
/* End PBXResourcesBuildPhase section */

/* Begin PBXSourcesBuildPhase section */
		BEA696342837212400CAB413 /* Sources */ = {
			isa = PBXSourcesBuildPhase;
			buildActionMask = 2147483647;
			files = (
				BEA696462837212400CAB413 /* Audio.xcdatamodeld in Sources */,
				BEA696402837212400CAB413 /* ViewController.swift in Sources */,
				BEA6963C2837212400CAB413 /* AppDelegate.swift in Sources */,
				BEA6963E2837212400CAB413 /* SceneDelegate.swift in Sources */,
			);
			runOnlyForDeploymentPostprocessing = 0;
		};
		BEA6964D2837212700CAB413 /* Sources */ = {
			isa = PBXSourcesBuildPhase;
			buildActionMask = 2147483647;
			files = (
				BEA696562837212700CAB413 /* AudioTests.swift in Sources */,
			);
			runOnlyForDeploymentPostprocessing = 0;
		};
		BEA696572837212700CAB413 /* Sources */ = {
			isa = PBXSourcesBuildPhase;
			buildActionMask = 2147483647;
			files = (
				BEA696602837212700CAB413 /* AudioUITests.swift in Sources */,
				BEA696622837212700CAB413 /* AudioUITestsLaunchTests.swift in Sources */,
			);
			runOnlyForDeploymentPostprocessing = 0;
		};
/* End PBXSourcesBuildPhase section */

/* Begin PBXTargetDependency section */
		BEA696532837212700CAB413 /* PBXTargetDependency */ = {
			isa = PBXTargetDependency;
			target = BEA696372837212400CAB413 /* Audio */;
			targetProxy = BEA696522837212700CAB413 /* PBXContainerItemProxy */;
		};
		BEA6965D2837212700CAB413 /* PBXTargetDependency */ = {
			isa = PBXTargetDependency;
			target = BEA696372837212400CAB413 /* Audio */;
			targetProxy = BEA6965C2837212700CAB413 /* PBXContainerItemProxy */;
		};
/* End PBXTargetDependency section */

/* Begin PBXVariantGroup section */
		BEA696412837212400CAB413 /* Main.storyboard */ = {
			isa = PBXVariantGroup;
			children = (
				BEA696422837212400CAB413 /* Base */,
			);
			name = Main.storyboard;
			sourceTree = "<group>";
		};
		BEA696492837212600CAB413 /* LaunchScreen.storyboard */ = {
			isa = PBXVariantGroup;
			children = (
				BEA6964A2837212600CAB413 /* Base */,
			);
			name = LaunchScreen.storyboard;
			sourceTree = "<group>";
		};
/* End PBXVariantGroup section */

/* Begin XCBuildConfiguration section */
		BEA696632837212700CAB413 /* Debug */ = {
			isa = XCBuildConfiguration;
			buildSettings = {
				ALWAYS_SEARCH_USER_PATHS = NO;
				CLANG_ANALYZER_NONNULL = YES;
				CLANG_ANALYZER_NUMBER_OBJECT_CONVERSION = YES_AGGRESSIVE;
				CLANG_CXX_LANGUAGE_STANDARD = "gnu++17";
				CLANG_CXX_LIBRARY = "libc++";
				CLANG_ENABLE_MODULES = YES;
				CLANG_ENABLE_OBJC_ARC = YES;
				CLANG_ENABLE_OBJC_WEAK = YES;
				CLANG_WARN_BLOCK_CAPTURE_AUTORELEASING = YES;
				CLANG_WARN_BOOL_CONVERSION = YES;
				CLANG_WARN_COMMA = YES;
				CLANG_WARN_CONSTANT_CONVERSION = YES;
				CLANG_WARN_DEPRECATED_OBJC_IMPLEMENTATIONS = YES;
				CLANG_WARN_DIRECT_OBJC_ISA_USAGE = YES_ERROR;
				CLANG_WARN_DOCUMENTATION_COMMENTS = YES;
				CLANG_WARN_EMPTY_BODY = YES;
				CLANG_WARN_ENUM_CONVERSION = YES;
				CLANG_WARN_INFINITE_RECURSION = YES;
				CLANG_WARN_INT_CONVERSION = YES;
				CLANG_WARN_NON_LITERAL_NULL_CONVERSION = YES;
				CLANG_WARN_OBJC_IMPLICIT_RETAIN_SELF = YES;
				CLANG_WARN_OBJC_LITERAL_CONVERSION = YES;
				CLANG_WARN_OBJC_ROOT_CLASS = YES_ERROR;
				CLANG_WARN_QUOTED_INCLUDE_IN_FRAMEWORK_HEADER = YES;
				CLANG_WARN_RANGE_LOOP_ANALYSIS = YES;
				CLANG_WARN_STRICT_PROTOTYPES = YES;
				CLANG_WARN_SUSPICIOUS_MOVE = YES;
				CLANG_WARN_UNGUARDED_AVAILABILITY = YES_AGGRESSIVE;
				CLANG_WARN_UNREACHABLE_CODE = YES;
				CLANG_WARN__DUPLICATE_METHOD_MATCH = YES;
				COPY_PHASE_STRIP = NO;
				DEBUG_INFORMATION_FORMAT = dwarf;
				ENABLE_STRICT_OBJC_MSGSEND = YES;
				ENABLE_TESTABILITY = YES;
				GCC_C_LANGUAGE_STANDARD = gnu11;
				GCC_DYNAMIC_NO_PIC = NO;
				GCC_NO_COMMON_BLOCKS = YES;
				GCC_OPTIMIZATION_LEVEL = 0;
				GCC_PREPROCESSOR_DEFINITIONS = (
					"DEBUG=1",
					"$(inherited)",
				);
				GCC_WARN_64_TO_32_BIT_CONVERSION = YES;
				GCC_WARN_ABOUT_RETURN_TYPE = YES_ERROR;
				GCC_WARN_UNDECLARED_SELECTOR = YES;
				GCC_WARN_UNINITIALIZED_AUTOS = YES_AGGRESSIVE;
				GCC_WARN_UNUSED_FUNCTION = YES;
				GCC_WARN_UNUSED_VARIABLE = YES;
				IPHONEOS_DEPLOYMENT_TARGET = 15.2;
				MTL_ENABLE_DEBUG_INFO = INCLUDE_SOURCE;
				MTL_FAST_MATH = YES;
				ONLY_ACTIVE_ARCH = YES;
				SDKROOT = iphoneos;
				SWIFT_ACTIVE_COMPILATION_CONDITIONS = DEBUG;
				SWIFT_OPTIMIZATION_LEVEL = "-Onone";
			};
			name = Debug;
		};
		BEA696642837212700CAB413 /* Release */ = {
			isa = XCBuildConfiguration;
			buildSettings = {
				ALWAYS_SEARCH_USER_PATHS = NO;
				CLANG_ANALYZER_NONNULL = YES;
				CLANG_ANALYZER_NUMBER_OBJECT_CONVERSION = YES_AGGRESSIVE;
				CLANG_CXX_LANGUAGE_STANDARD = "gnu++17";
				CLANG_CXX_LIBRARY = "libc++";
				CLANG_ENABLE_MODULES = YES;
				CLANG_ENABLE_OBJC_ARC = YES;
				CLANG_ENABLE_OBJC_WEAK = YES;
				CLANG_WARN_BLOCK_CAPTURE_AUTORELEASING = YES;
				CLANG_WARN_BOOL_CONVERSION = YES;
				CLANG_WARN_COMMA = YES;
				CLANG_WARN_CONSTANT_CONVERSION = YES;
				CLANG_WARN_DEPRECATED_OBJC_IMPLEMENTATIONS = YES;
				CLANG_WARN_DIRECT_OBJC_ISA_USAGE = YES_ERROR;
				CLANG_WARN_DOCUMENTATION_COMMENTS = YES;
				CLANG_WARN_EMPTY_BODY = YES;
				CLANG_WARN_ENUM_CONVERSION = YES;
				CLANG_WARN_INFINITE_RECURSION = YES;
				CLANG_WARN_INT_CONVERSION = YES;
				CLANG_WARN_NON_LITERAL_NULL_CONVERSION = YES;
				CLANG_WARN_OBJC_IMPLICIT_RETAIN_SELF = YES;
				CLANG_WARN_OBJC_LITERAL_CONVERSION = YES;
				CLANG_WARN_OBJC_ROOT_CLASS = YES_ERROR;
				CLANG_WARN_QUOTED_INCLUDE_IN_FRAMEWORK_HEADER = YES;
				CLANG_WARN_RANGE_LOOP_ANALYSIS = YES;
				CLANG_WARN_STRICT_PROTOTYPES = YES;
				CLANG_WARN_SUSPICIOUS_MOVE = YES;
				CLANG_WARN_UNGUARDED_AVAILABILITY = YES_AGGRESSIVE;
				CLANG_WARN_UNREACHABLE_CODE = YES;
				CLANG_WARN__DUPLICATE_METHOD_MATCH = YES;
				COPY_PHASE_STRIP = NO;
				DEBUG_INFORMATION_FORMAT = "dwarf-with-dsym";
				ENABLE_NS_ASSERTIONS = NO;
				ENABLE_STRICT_OBJC_MSGSEND = YES;
				GCC_C_LANGUAGE_STANDARD = gnu11;
				GCC_NO_COMMON_BLOCKS = YES;
				GCC_WARN_64_TO_32_BIT_CONVERSION = YES;
				GCC_WARN_ABOUT_RETURN_TYPE = YES_ERROR;
				GCC_WARN_UNDECLARED_SELECTOR = YES;
				GCC_WARN_UNINITIALIZED_AUTOS = YES_AGGRESSIVE;
				GCC_WARN_UNUSED_FUNCTION = YES;
				GCC_WARN_UNUSED_VARIABLE = YES;
				IPHONEOS_DEPLOYMENT_TARGET = 15.2;
				MTL_ENABLE_DEBUG_INFO = NO;
				MTL_FAST_MATH = YES;
				SDKROOT = iphoneos;
				SWIFT_COMPILATION_MODE = wholemodule;
				SWIFT_OPTIMIZATION_LEVEL = "-O";
				VALIDATE_PRODUCT = YES;
			};
			name = Release;
		};
		BEA696662837212700CAB413 /* Debug */ = {
			isa = XCBuildConfiguration;
			buildSettings = {
				ASSETCATALOG_COMPILER_APPICON_NAME = AppIcon;
				ASSETCATALOG_COMPILER_GLOBAL_ACCENT_COLOR_NAME = AccentColor;
				CODE_SIGN_STYLE = Automatic;
				CURRENT_PROJECT_VERSION = 1;
				GENERATE_INFOPLIST_FILE = YES;
				INFOPLIST_FILE = Audio/Info.plist;
				INFOPLIST_KEY_UIApplicationSupportsIndirectInputEvents = YES;
				INFOPLIST_KEY_UILaunchStoryboardName = LaunchScreen;
				INFOPLIST_KEY_UIMainStoryboardFile = Main;
				INFOPLIST_KEY_UISupportedInterfaceOrientations_iPad = "UIInterfaceOrientationPortrait UIInterfaceOrientationPortraitUpsideDown UIInterfaceOrientationLandscapeLeft UIInterfaceOrientationLandscapeRight";
				INFOPLIST_KEY_UISupportedInterfaceOrientations_iPhone = "UIInterfaceOrientationPortrait UIInterfaceOrientationLandscapeLeft UIInterfaceOrientationLandscapeRight";
				LD_RUNPATH_SEARCH_PATHS = (
					"$(inherited)",
					"@executable_path/Frameworks",
				);
				MARKETING_VERSION = 1.0;
				PRODUCT_BUNDLE_IDENTIFIER = kr.ac.induk.Audio;
				PRODUCT_NAME = "$(TARGET_NAME)";
				SWIFT_EMIT_LOC_STRINGS = YES;
				SWIFT_VERSION = 5.0;
				TARGETED_DEVICE_FAMILY = "1,2";
			};
			name = Debug;
		};
		BEA696672837212700CAB413 /* Release */ = {
			isa = XCBuildConfiguration;
			buildSettings = {
				ASSETCATALOG_COMPILER_APPICON_NAME = AppIcon;
				ASSETCATALOG_COMPILER_GLOBAL_ACCENT_COLOR_NAME = AccentColor;
				CODE_SIGN_STYLE = Automatic;
				CURRENT_PROJECT_VERSION = 1;
				GENERATE_INFOPLIST_FILE = YES;
				INFOPLIST_FILE = Audio/Info.plist;
				INFOPLIST_KEY_UIApplicationSupportsIndirectInputEvents = YES;
				INFOPLIST_KEY_UILaunchStoryboardName = LaunchScreen;
				INFOPLIST_KEY_UIMainStoryboardFile = Main;
				INFOPLIST_KEY_UISupportedInterfaceOrientations_iPad = "UIInterfaceOrientationPortrait UIInterfaceOrientationPortraitUpsideDown UIInterfaceOrientationLandscapeLeft UIInterfaceOrientationLandscapeRight";
				INFOPLIST_KEY_UISupportedInterfaceOrientations_iPhone = "UIInterfaceOrientationPortrait UIInterfaceOrientationLandscapeLeft UIInterfaceOrientationLandscapeRight";
				LD_RUNPATH_SEARCH_PATHS = (
					"$(inherited)",
					"@executable_path/Frameworks",
				);
				MARKETING_VERSION = 1.0;
				PRODUCT_BUNDLE_IDENTIFIER = kr.ac.induk.Audio;
				PRODUCT_NAME = "$(TARGET_NAME)";
				SWIFT_EMIT_LOC_STRINGS = YES;
				SWIFT_VERSION = 5.0;
				TARGETED_DEVICE_FAMILY = "1,2";
			};
			name = Release;
		};
		BEA696692837212700CAB413 /* Debug */ = {
			isa = XCBuildConfiguration;
			buildSettings = {
				ALWAYS_EMBED_SWIFT_STANDARD_LIBRARIES = YES;
				BUNDLE_LOADER = "$(TEST_HOST)";
				CODE_SIGN_STYLE = Automatic;
				CURRENT_PROJECT_VERSION = 1;
				GENERATE_INFOPLIST_FILE = YES;
				IPHONEOS_DEPLOYMENT_TARGET = 15.2;
				MARKETING_VERSION = 1.0;
				PRODUCT_BUNDLE_IDENTIFIER = kr.ac.induk.AudioTests;
				PRODUCT_NAME = "$(TARGET_NAME)";
				SWIFT_EMIT_LOC_STRINGS = NO;
				SWIFT_VERSION = 5.0;
				TARGETED_DEVICE_FAMILY = "1,2";
				TEST_HOST = "$(BUILT_PRODUCTS_DIR)/Audio.app/Audio";
			};
			name = Debug;
		};
		BEA6966A2837212700CAB413 /* Release */ = {
			isa = XCBuildConfiguration;
			buildSettings = {
				ALWAYS_EMBED_SWIFT_STANDARD_LIBRARIES = YES;
				BUNDLE_LOADER = "$(TEST_HOST)";
				CODE_SIGN_STYLE = Automatic;
				CURRENT_PROJECT_VERSION = 1;
				GENERATE_INFOPLIST_FILE = YES;
				IPHONEOS_DEPLOYMENT_TARGET = 15.2;
				MARKETING_VERSION = 1.0;
				PRODUCT_BUNDLE_IDENTIFIER = kr.ac.induk.AudioTests;
				PRODUCT_NAME = "$(TARGET_NAME)";
				SWIFT_EMIT_LOC_STRINGS = NO;
				SWIFT_VERSION = 5.0;
				TARGETED_DEVICE_FAMILY = "1,2";
				TEST_HOST = "$(BUILT_PRODUCTS_DIR)/Audio.app/Audio";
			};
			name = Release;
		};
		BEA6966C2837212700CAB413 /* Debug */ = {
			isa = XCBuildConfiguration;
			buildSettings = {
				ALWAYS_EMBED_SWIFT_STANDARD_LIBRARIES = YES;
				CODE_SIGN_STYLE = Automatic;
				CURRENT_PROJECT_VERSION = 1;
				GENERATE_INFOPLIST_FILE = YES;
				MARKETING_VERSION = 1.0;
				PRODUCT_BUNDLE_IDENTIFIER = kr.ac.induk.AudioUITests;
				PRODUCT_NAME = "$(TARGET_NAME)";
				SWIFT_EMIT_LOC_STRINGS = NO;
				SWIFT_VERSION = 5.0;
				TARGETED_DEVICE_FAMILY = "1,2";
				TEST_TARGET_NAME = Audio;
			};
			name = Debug;
		};
		BEA6966D2837212700CAB413 /* Release */ = {
			isa = XCBuildConfiguration;
			buildSettings = {
				ALWAYS_EMBED_SWIFT_STANDARD_LIBRARIES = YES;
				CODE_SIGN_STYLE = Automatic;
				CURRENT_PROJECT_VERSION = 1;
				GENERATE_INFOPLIST_FILE = YES;
				MARKETING_VERSION = 1.0;
				PRODUCT_BUNDLE_IDENTIFIER = kr.ac.induk.AudioUITests;
				PRODUCT_NAME = "$(TARGET_NAME)";
				SWIFT_EMIT_LOC_STRINGS = NO;
				SWIFT_VERSION = 5.0;
				TARGETED_DEVICE_FAMILY = "1,2";
				TEST_TARGET_NAME = Audio;
			};
			name = Release;
		};
/* End XCBuildConfiguration section */

/* Begin XCConfigurationList section */
		BEA696332837212400CAB413 /* Build configuration list for PBXProject "Audio" */ = {
			isa = XCConfigurationList;
			buildConfigurations = (
				BEA696632837212700CAB413 /* Debug */,
				BEA696642837212700CAB413 /* Release */,
			);
			defaultConfigurationIsVisible = 0;
			defaultConfigurationName = Release;
		};
		BEA696652837212700CAB413 /* Build configuration list for PBXNativeTarget "Audio" */ = {
			isa = XCConfigurationList;
			buildConfigurations = (
				BEA696662837212700CAB413 /* Debug */,
				BEA696672837212700CAB413 /* Release */,
			);
			defaultConfigurationIsVisible = 0;
			defaultConfigurationName = Release;
		};
		BEA696682837212700CAB413 /* Build configuration list for PBXNativeTarget "AudioTests" */ = {
			isa = XCConfigurationList;
			buildConfigurations = (
				BEA696692837212700CAB413 /* Debug */,
				BEA6966A2837212700CAB413 /* Release */,
			);
			defaultConfigurationIsVisible = 0;
			defaultConfigurationName = Release;
		};
		BEA6966B2837212700CAB413 /* Build configuration list for PBXNativeTarget "AudioUITests" */ = {
			isa = XCConfigurationList;
			buildConfigurations = (
				BEA6966C2837212700CAB413 /* Debug */,
				BEA6966D2837212700CAB413 /* Release */,
			);
			defaultConfigurationIsVisible = 0;
			defaultConfigurationName = Release;
		};
/* End XCConfigurationList section */

/* Begin XCVersionGroup section */
		BEA696442837212400CAB413 /* Audio.xcdatamodeld */ = {
			isa = XCVersionGroup;
			children = (
				BEA696452837212400CAB413 /* Audio.xcdatamodel */,
			);
			currentVersion = BEA696452837212400CAB413 /* Audio.xcdatamodel */;
			path = Audio.xcdatamodeld;
			sourceTree = "<group>";
			versionGroupType = wrapper.xcdatamodel;
		};
/* End XCVersionGroup section */
	};
	rootObject = BEA696302837212400CAB413 /* Project object */;
}
